
Microsoft Visual Studio Solution File, Format Version 12.00
# Visual Studio 14
VisualStudioVersion = 14.0.25420.1
MinimumVisualStudioVersion = 10.0.40219.1
Project("{FAE04EC0-301F-11D3-BF4B-00C04F79EFBC}") = "SportsStore.Domain", "SportsStore.Domain\SportsStore.Domain.csproj", "{F70A0AEC-4D00-4B3A-AD8C-8609B58294DC}"
EndProject
Project("{FAE04EC0-301F-11D3-BF4B-00C04F79EFBC}") = "SportsStore.WebUI", "SportsStore.WebUI\SportsStore.WebUI.csproj", "{D2BBD360-870C-4960-B9A9-361BAB2E4C17}"
EndProject
Project("{FAE04EC0-301F-11D3-BF4B-00C04F79EFBC}") = "SportsStore.UnitTests", "UnitTest1.Tests\SportsStore.UnitTests.csproj", "{67060CB3-C2FD-4692-9B86-BE7C08FBCDDC}"
EndProject
Global
	GlobalSection(SolutionConfigurationPlatforms) = preSolution
		Debug|Any CPU = Debug|Any CPU
		Release|Any CPU = Release|Any CPU
	EndGlobalSection
	GlobalSection(ProjectConfigurationPlatforms) = postSolution
		{F70A0AEC-4D00-4B3A-AD8C-8609B58294DC}.Debug|Any CPU.ActiveCfg = Debug|Any CPU
		{F70A0AEC-4D00-4B3A-AD8C-8609B58294DC}.Debug|Any CPU.Build.0 = Debug|Any CPU
		{F70A0AEC-4D00-4B3A-AD8C-8609B58294DC}.Release|Any CPU.ActiveCfg = Release|Any CPU
		{F70A0AEC-4D00-4B3A-AD8C-8609B58294DC}.Release|Any CPU.Build.0 = Release|Any CPU
		{D2BBD360-870C-4960-B9A9-361BAB2E4C17}.Debug|Any CPU.ActiveCfg = Debug|Any CPU
		{D2BBD360-870C-4960-B9A9-361BAB2E4C17}.Debug|Any CPU.Build.0 = Debug|Any CPU
		{D2BBD360-870C-4960-B9A9-361BAB2E4C17}.Release|Any CPU.ActiveCfg = Release|Any CPU
		{D2BBD360-870C-4960-B9A9-361BAB2E4C17}.Release|Any CPU.Build.0 = Release|Any CPU
		{67060CB3-C2FD-4692-9B86-BE7C08FBCDDC}.Debug|Any CPU.ActiveCfg = Debug|Any CPU
		{67060CB3-C2FD-4692-9B86-BE7C08FBCDDC}.Debug|Any CPU.Build.0 = Debug|Any CPU
		{67060CB3-C2FD-4692-9B86-BE7C08FBCDDC}.Release|Any CPU.ActiveCfg = Release|Any CPU
		{67060CB3-C2FD-4692-9B86-BE7C08FBCDDC}.Release|Any CPU.Build.0 = Release|Any CPU
	EndGlobalSection
	GlobalSection(SolutionProperties) = preSolution
		HideSolutionNode = FALSE
	EndGlobalSection
EndGlobal
